
Microsoft Visual Studio Solution File, Format Version 12.00
# Visual Studio Version 16
VisualStudioVersion = 16.0.29020.237
MinimumVisualStudioVersion = 10.0.40219.1
Project("{2150E333-8FDC-42A3-9474-1A3956D46DE8}") = "Rozdział 2", "Rozdział 2", "{84ED2625-29D9-4A7E-A0A4-A5AEE9A2A9D6}"
EndProject
Project("{2150E333-8FDC-42A3-9474-1A3956D46DE8}") = "Rozdział 3", "Rozdział 3", "{AB073289-F452-4032-A03F-9A7CB84DAC8D}"
EndProject
Project("{9A19103F-16F7-4668-BE54-9A1E7A4F7556}") = "BinarySearch", "Rozdział 2\BinarySearch\BinarySearch.csproj", "{876AC2FD-7787-4C32-8AC6-02DB7596A66F}"
EndProject
Project("{9A19103F-16F7-4668-BE54-9A1E7A4F7556}") = "4_5", "Rozdział 2\4_5\4_5.csproj", "{4F1A3E61-3C9E-4C5C-9D8E-6881EA3EA70A}"
EndProject
Project("{9A19103F-16F7-4668-BE54-9A1E7A4F7556}") = "1_2_3_6", "Rozdział 2\1_2_3_6\1_2_3_6.csproj", "{3AB88C07-5589-47C3-93AD-D9D219298193}"
EndProject
Project("{9A19103F-16F7-4668-BE54-9A1E7A4F7556}") = "1_4", "Rozdział 3\1_4\1_4.csproj", "{80AFC42D-9D4B-430C-B51A-11151C1201E0}"
EndProject
Project("{9A19103F-16F7-4668-BE54-9A1E7A4F7556}") = "2_3_5_6", "Rozdział 3\2_3_5_6\2_3_5_6.csproj", "{C9AD866D-7117-4947-8DA6-8C0048FB1A62}"
EndProject
Project("{2150E333-8FDC-42A3-9474-1A3956D46DE8}") = "Rozdział 4", "Rozdział 4", "{3E546577-413D-4877-9B0D-620BECC270FE}"
EndProject
Project("{9A19103F-16F7-4668-BE54-9A1E7A4F7556}") = "4.1", "Rozdział 4\4.1\4.1.csproj", "{22E026C8-7B34-472B-BF43-1B1F442F3B10}"
EndProject
Project("{9A19103F-16F7-4668-BE54-9A1E7A4F7556}") = "4.2", "Rozdział 4\4.2\4.2.csproj", "{A7BDFA9B-4E48-4646-921F-66274775F8EA}"
EndProject
Project("{9A19103F-16F7-4668-BE54-9A1E7A4F7556}") = "4.3", "Rozdział 4\4.3\4.3.csproj", "{D9B9283F-9370-43F4-B5C6-7E888A409DC1}"
EndProject
Project("{9A19103F-16F7-4668-BE54-9A1E7A4F7556}") = "4.4", "Rozdział 4\4.4\4.4.csproj", "{52EB77FB-B299-41C5-84A1-12E38E02324D}"
EndProject
Project("{9A19103F-16F7-4668-BE54-9A1E7A4F7556}") = "4.5", "Rozdział 4\4.5\4.5.csproj", "{71B9C426-91CF-4C8D-A785-5E542C85D252}"
EndProject
Project("{2150E333-8FDC-42A3-9474-1A3956D46DE8}") = "Rozdział 5", "Rozdział 5", "{7657EC25-E405-412F-A3EA-B211D664A45F}"
EndProject
Project("{9A19103F-16F7-4668-BE54-9A1E7A4F7556}") = "5.1", "Rozdział 5\5.1\5.1.csproj", "{B64F98B3-2F9A-43C8-8488-D439B42E59FC}"
EndProject
Project("{9A19103F-16F7-4668-BE54-9A1E7A4F7556}") = "5.2", "Rozdział 5\5.2\5.2.csproj", "{F47AD2CF-A464-4DDB-AE24-8900CF6EB7D8}"
EndProject
Project("{9A19103F-16F7-4668-BE54-9A1E7A4F7556}") = "5.3_5.4", "Rozdział 5\5.3_5.4\5.3_5.4.csproj", "{3D2CE1F2-7C10-4A7D-8BAC-A59ED74BEC68}"
EndProject
Project("{9A19103F-16F7-4668-BE54-9A1E7A4F7556}") = "5.5", "Rozdział 5\5.5\5.5.csproj", "{FE724141-B21E-423D-8622-9FFB2ECDA5CC}"
EndProject
Project("{9A19103F-16F7-4668-BE54-9A1E7A4F7556}") = "iterator", "Rozdział 5\iterator\iterator.csproj", "{2A6D6BE6-0ACD-42F5-B01A-38309E0D15E9}"
EndProject
Project("{9A19103F-16F7-4668-BE54-9A1E7A4F7556}") = "5.6", "Rozdział 5\5.6\5.6.csproj", "{EF69028F-C426-46D4-B74A-D9C49BB07737}"
EndProject
Project("{2150E333-8FDC-42A3-9474-1A3956D46DE8}") = "Rozdział 6", "Rozdział 6", "{2EFBC394-A7F9-4990-A0E3-029F7CAB8ACD}"
EndProject
Project("{9A19103F-16F7-4668-BE54-9A1E7A4F7556}") = "6.1", "Rozdział 6\6.1\6.1.csproj", "{2FB0A63F-E742-4349-B772-2E90953C3680}"
EndProject
Project("{9A19103F-16F7-4668-BE54-9A1E7A4F7556}") = "6.2", "Rozdział 6\6.2\6.2.csproj", "{8001F5A0-EBEF-4C54-A42D-A875E11E219C}"
EndProject
Project("{9A19103F-16F7-4668-BE54-9A1E7A4F7556}") = "6.4", "Rozdział 6\6.4\6.4.csproj", "{AF618E46-EEC6-47C3-8375-7F4804F9D60C}"
EndProject
Project("{FAE04EC0-301F-11D3-BF4B-00C04F79EFBC}") = "6.5", "Rozdział 6\6.5\6.5.csproj", "{EA010F5E-914C-4A4E-9453-9ED01B020147}"
EndProject
Global
	GlobalSection(SolutionConfigurationPlatforms) = preSolution
		Debug|Any CPU = Debug|Any CPU
		Release|Any CPU = Release|Any CPU
	EndGlobalSection
	GlobalSection(ProjectConfigurationPlatforms) = postSolution
		{876AC2FD-7787-4C32-8AC6-02DB7596A66F}.Debug|Any CPU.ActiveCfg = Debug|Any CPU
		{876AC2FD-7787-4C32-8AC6-02DB7596A66F}.Debug|Any CPU.Build.0 = Debug|Any CPU
		{876AC2FD-7787-4C32-8AC6-02DB7596A66F}.Release|Any CPU.ActiveCfg = Release|Any CPU
		{876AC2FD-7787-4C32-8AC6-02DB7596A66F}.Release|Any CPU.Build.0 = Release|Any CPU
		{4F1A3E61-3C9E-4C5C-9D8E-6881EA3EA70A}.Debug|Any CPU.ActiveCfg = Debug|Any CPU
		{4F1A3E61-3C9E-4C5C-9D8E-6881EA3EA70A}.Debug|Any CPU.Build.0 = Debug|Any CPU
		{4F1A3E61-3C9E-4C5C-9D8E-6881EA3EA70A}.Release|Any CPU.ActiveCfg = Release|Any CPU
		{4F1A3E61-3C9E-4C5C-9D8E-6881EA3EA70A}.Release|Any CPU.Build.0 = Release|Any CPU
		{3AB88C07-5589-47C3-93AD-D9D219298193}.Debug|Any CPU.ActiveCfg = Debug|Any CPU
		{3AB88C07-5589-47C3-93AD-D9D219298193}.Debug|Any CPU.Build.0 = Debug|Any CPU
		{3AB88C07-5589-47C3-93AD-D9D219298193}.Release|Any CPU.ActiveCfg = Release|Any CPU
		{3AB88C07-5589-47C3-93AD-D9D219298193}.Release|Any CPU.Build.0 = Release|Any CPU
		{80AFC42D-9D4B-430C-B51A-11151C1201E0}.Debug|Any CPU.ActiveCfg = Debug|Any CPU
		{80AFC42D-9D4B-430C-B51A-11151C1201E0}.Debug|Any CPU.Build.0 = Debug|Any CPU
		{80AFC42D-9D4B-430C-B51A-11151C1201E0}.Release|Any CPU.ActiveCfg = Release|Any CPU
		{80AFC42D-9D4B-430C-B51A-11151C1201E0}.Release|Any CPU.Build.0 = Release|Any CPU
		{C9AD866D-7117-4947-8DA6-8C0048FB1A62}.Debug|Any CPU.ActiveCfg = Debug|Any CPU
		{C9AD866D-7117-4947-8DA6-8C0048FB1A62}.Debug|Any CPU.Build.0 = Debug|Any CPU
		{C9AD866D-7117-4947-8DA6-8C0048FB1A62}.Release|Any CPU.ActiveCfg = Release|Any CPU
		{C9AD866D-7117-4947-8DA6-8C0048FB1A62}.Release|Any CPU.Build.0 = Release|Any CPU
		{22E026C8-7B34-472B-BF43-1B1F442F3B10}.Debug|Any CPU.ActiveCfg = Debug|Any CPU
		{22E026C8-7B34-472B-BF43-1B1F442F3B10}.Debug|Any CPU.Build.0 = Debug|Any CPU
		{22E026C8-7B34-472B-BF43-1B1F442F3B10}.Release|Any CPU.ActiveCfg = Release|Any CPU
		{22E026C8-7B34-472B-BF43-1B1F442F3B10}.Release|Any CPU.Build.0 = Release|Any CPU
		{A7BDFA9B-4E48-4646-921F-66274775F8EA}.Debug|Any CPU.ActiveCfg = Debug|Any CPU
		{A7BDFA9B-4E48-4646-921F-66274775F8EA}.Debug|Any CPU.Build.0 = Debug|Any CPU
		{A7BDFA9B-4E48-4646-921F-66274775F8EA}.Release|Any CPU.ActiveCfg = Release|Any CPU
		{A7BDFA9B-4E48-4646-921F-66274775F8EA}.Release|Any CPU.Build.0 = Release|Any CPU
		{D9B9283F-9370-43F4-B5C6-7E888A409DC1}.Debug|Any CPU.ActiveCfg = Debug|Any CPU
		{D9B9283F-9370-43F4-B5C6-7E888A409DC1}.Debug|Any CPU.Build.0 = Debug|Any CPU
		{D9B9283F-9370-43F4-B5C6-7E888A409DC1}.Release|Any CPU.ActiveCfg = Release|Any CPU
		{D9B9283F-9370-43F4-B5C6-7E888A409DC1}.Release|Any CPU.Build.0 = Release|Any CPU
		{52EB77FB-B299-41C5-84A1-12E38E02324D}.Debug|Any CPU.ActiveCfg = Debug|Any CPU
		{52EB77FB-B299-41C5-84A1-12E38E02324D}.Debug|Any CPU.Build.0 = Debug|Any CPU
		{52EB77FB-B299-41C5-84A1-12E38E02324D}.Release|Any CPU.ActiveCfg = Release|Any CPU
		{52EB77FB-B299-41C5-84A1-12E38E02324D}.Release|Any CPU.Build.0 = Release|Any CPU
		{71B9C426-91CF-4C8D-A785-5E542C85D252}.Debug|Any CPU.ActiveCfg = Debug|Any CPU
		{71B9C426-91CF-4C8D-A785-5E542C85D252}.Debug|Any CPU.Build.0 = Debug|Any CPU
		{71B9C426-91CF-4C8D-A785-5E542C85D252}.Release|Any CPU.ActiveCfg = Release|Any CPU
		{71B9C426-91CF-4C8D-A785-5E542C85D252}.Release|Any CPU.Build.0 = Release|Any CPU
		{B64F98B3-2F9A-43C8-8488-D439B42E59FC}.Debug|Any CPU.ActiveCfg = Debug|Any CPU
		{B64F98B3-2F9A-43C8-8488-D439B42E59FC}.Debug|Any CPU.Build.0 = Debug|Any CPU
		{B64F98B3-2F9A-43C8-8488-D439B42E59FC}.Release|Any CPU.ActiveCfg = Release|Any CPU
		{B64F98B3-2F9A-43C8-8488-D439B42E59FC}.Release|Any CPU.Build.0 = Release|Any CPU
		{F47AD2CF-A464-4DDB-AE24-8900CF6EB7D8}.Debug|Any CPU.ActiveCfg = Debug|Any CPU
		{F47AD2CF-A464-4DDB-AE24-8900CF6EB7D8}.Debug|Any CPU.Build.0 = Debug|Any CPU
		{F47AD2CF-A464-4DDB-AE24-8900CF6EB7D8}.Release|Any CPU.ActiveCfg = Release|Any CPU
		{F47AD2CF-A464-4DDB-AE24-8900CF6EB7D8}.Release|Any CPU.Build.0 = Release|Any CPU
		{3D2CE1F2-7C10-4A7D-8BAC-A59ED74BEC68}.Debug|Any CPU.ActiveCfg = Debug|Any CPU
		{3D2CE1F2-7C10-4A7D-8BAC-A59ED74BEC68}.Debug|Any CPU.Build.0 = Debug|Any CPU
		{3D2CE1F2-7C10-4A7D-8BAC-A59ED74BEC68}.Release|Any CPU.ActiveCfg = Release|Any CPU
		{3D2CE1F2-7C10-4A7D-8BAC-A59ED74BEC68}.Release|Any CPU.Build.0 = Release|Any CPU
		{FE724141-B21E-423D-8622-9FFB2ECDA5CC}.Debug|Any CPU.ActiveCfg = Debug|Any CPU
		{FE724141-B21E-423D-8622-9FFB2ECDA5CC}.Debug|Any CPU.Build.0 = Debug|Any CPU
		{FE724141-B21E-423D-8622-9FFB2ECDA5CC}.Release|Any CPU.ActiveCfg = Release|Any CPU
		{FE724141-B21E-423D-8622-9FFB2ECDA5CC}.Release|Any CPU.Build.0 = Release|Any CPU
		{2A6D6BE6-0ACD-42F5-B01A-38309E0D15E9}.Debug|Any CPU.ActiveCfg = Debug|Any CPU
		{2A6D6BE6-0ACD-42F5-B01A-38309E0D15E9}.Debug|Any CPU.Build.0 = Debug|Any CPU
		{2A6D6BE6-0ACD-42F5-B01A-38309E0D15E9}.Release|Any CPU.ActiveCfg = Release|Any CPU
		{2A6D6BE6-0ACD-42F5-B01A-38309E0D15E9}.Release|Any CPU.Build.0 = Release|Any CPU
		{EF69028F-C426-46D4-B74A-D9C49BB07737}.Debug|Any CPU.ActiveCfg = Debug|Any CPU
		{EF69028F-C426-46D4-B74A-D9C49BB07737}.Debug|Any CPU.Build.0 = Debug|Any CPU
		{EF69028F-C426-46D4-B74A-D9C49BB07737}.Release|Any CPU.ActiveCfg = Release|Any CPU
		{EF69028F-C426-46D4-B74A-D9C49BB07737}.Release|Any CPU.Build.0 = Release|Any CPU
		{2FB0A63F-E742-4349-B772-2E90953C3680}.Debug|Any CPU.ActiveCfg = Debug|Any CPU
		{2FB0A63F-E742-4349-B772-2E90953C3680}.Debug|Any CPU.Build.0 = Debug|Any CPU
		{2FB0A63F-E742-4349-B772-2E90953C3680}.Release|Any CPU.ActiveCfg = Release|Any CPU
		{2FB0A63F-E742-4349-B772-2E90953C3680}.Release|Any CPU.Build.0 = Release|Any CPU
		{8001F5A0-EBEF-4C54-A42D-A875E11E219C}.Debug|Any CPU.ActiveCfg = Debug|Any CPU
		{8001F5A0-EBEF-4C54-A42D-A875E11E219C}.Debug|Any CPU.Build.0 = Debug|Any CPU
		{8001F5A0-EBEF-4C54-A42D-A875E11E219C}.Release|Any CPU.ActiveCfg = Release|Any CPU
		{8001F5A0-EBEF-4C54-A42D-A875E11E219C}.Release|Any CPU.Build.0 = Release|Any CPU
		{AF618E46-EEC6-47C3-8375-7F4804F9D60C}.Debug|Any CPU.ActiveCfg = Debug|Any CPU
		{AF618E46-EEC6-47C3-8375-7F4804F9D60C}.Debug|Any CPU.Build.0 = Debug|Any CPU
		{AF618E46-EEC6-47C3-8375-7F4804F9D60C}.Release|Any CPU.ActiveCfg = Release|Any CPU
		{AF618E46-EEC6-47C3-8375-7F4804F9D60C}.Release|Any CPU.Build.0 = Release|Any CPU
		{EA010F5E-914C-4A4E-9453-9ED01B020147}.Debug|Any CPU.ActiveCfg = Debug|Any CPU
		{EA010F5E-914C-4A4E-9453-9ED01B020147}.Debug|Any CPU.Build.0 = Debug|Any CPU
		{EA010F5E-914C-4A4E-9453-9ED01B020147}.Release|Any CPU.ActiveCfg = Release|Any CPU
		{EA010F5E-914C-4A4E-9453-9ED01B020147}.Release|Any CPU.Build.0 = Release|Any CPU
	EndGlobalSection
	GlobalSection(SolutionProperties) = preSolution
		HideSolutionNode = FALSE
	EndGlobalSection
	GlobalSection(NestedProjects) = preSolution
		{876AC2FD-7787-4C32-8AC6-02DB7596A66F} = {84ED2625-29D9-4A7E-A0A4-A5AEE9A2A9D6}
		{4F1A3E61-3C9E-4C5C-9D8E-6881EA3EA70A} = {84ED2625-29D9-4A7E-A0A4-A5AEE9A2A9D6}
		{3AB88C07-5589-47C3-93AD-D9D219298193} = {84ED2625-29D9-4A7E-A0A4-A5AEE9A2A9D6}
		{80AFC42D-9D4B-430C-B51A-11151C1201E0} = {AB073289-F452-4032-A03F-9A7CB84DAC8D}
		{C9AD866D-7117-4947-8DA6-8C0048FB1A62} = {AB073289-F452-4032-A03F-9A7CB84DAC8D}
		{22E026C8-7B34-472B-BF43-1B1F442F3B10} = {3E546577-413D-4877-9B0D-620BECC270FE}
		{A7BDFA9B-4E48-4646-921F-66274775F8EA} = {3E546577-413D-4877-9B0D-620BECC270FE}
		{D9B9283F-9370-43F4-B5C6-7E888A409DC1} = {3E546577-413D-4877-9B0D-620BECC270FE}
		{52EB77FB-B299-41C5-84A1-12E38E02324D} = {3E546577-413D-4877-9B0D-620BECC270FE}
		{71B9C426-91CF-4C8D-A785-5E542C85D252} = {3E546577-413D-4877-9B0D-620BECC270FE}
		{B64F98B3-2F9A-43C8-8488-D439B42E59FC} = {7657EC25-E405-412F-A3EA-B211D664A45F}
		{F47AD2CF-A464-4DDB-AE24-8900CF6EB7D8} = {7657EC25-E405-412F-A3EA-B211D664A45F}
		{3D2CE1F2-7C10-4A7D-8BAC-A59ED74BEC68} = {7657EC25-E405-412F-A3EA-B211D664A45F}
		{FE724141-B21E-423D-8622-9FFB2ECDA5CC} = {7657EC25-E405-412F-A3EA-B211D664A45F}
		{2A6D6BE6-0ACD-42F5-B01A-38309E0D15E9} = {7657EC25-E405-412F-A3EA-B211D664A45F}
		{EF69028F-C426-46D4-B74A-D9C49BB07737} = {7657EC25-E405-412F-A3EA-B211D664A45F}
		{2FB0A63F-E742-4349-B772-2E90953C3680} = {2EFBC394-A7F9-4990-A0E3-029F7CAB8ACD}
		{8001F5A0-EBEF-4C54-A42D-A875E11E219C} = {2EFBC394-A7F9-4990-A0E3-029F7CAB8ACD}
		{AF618E46-EEC6-47C3-8375-7F4804F9D60C} = {2EFBC394-A7F9-4990-A0E3-029F7CAB8ACD}
		{EA010F5E-914C-4A4E-9453-9ED01B020147} = {2EFBC394-A7F9-4990-A0E3-029F7CAB8ACD}
	EndGlobalSection
	GlobalSection(ExtensibilityGlobals) = postSolution
		SolutionGuid = {5A4C44B5-ADAA-4536-8F91-65EACCF6AE1A}
	EndGlobalSection
EndGlobal
