
Microsoft Visual Studio Solution File, Format Version 12.00
# Visual Studio Version 16
VisualStudioVersion = 16.0.29020.237
MinimumVisualStudioVersion = 10.0.40219.1
Project("{2150E333-8FDC-42A3-9474-1A3956D46DE8}") = "Rozdział 2", "Rozdział 2", "{84ED2625-29D9-4A7E-A0A4-A5AEE9A2A9D6}"
EndProject
Project("{2150E333-8FDC-42A3-9474-1A3956D46DE8}") = "Rozdział 3", "Rozdział 3", "{AB073289-F452-4032-A03F-9A7CB84DAC8D}"
EndProject
Project("{9A19103F-16F7-4668-BE54-9A1E7A4F7556}") = "BinarySearch", "Rozdział 2\BinarySearch\BinarySearch.csproj", "{876AC2FD-7787-4C32-8AC6-02DB7596A66F}"
EndProject
Project("{FAE04EC0-301F-11D3-BF4B-00C04F79EFBC}") = "4_5", "Rozdział 2\4_5\4_5.csproj", "{4F1A3E61-3C9E-4C5C-9D8E-6881EA3EA70A}"
EndProject
Project("{FAE04EC0-301F-11D3-BF4B-00C04F79EFBC}") = "1_2_3_6", "Rozdział 2\1_2_3_6\1_2_3_6.csproj", "{3AB88C07-5589-47C3-93AD-D9D219298193}"
EndProject
Project("{FAE04EC0-301F-11D3-BF4B-00C04F79EFBC}") = "1_4", "Rozdział 3\1_4\1_4.csproj", "{80AFC42D-9D4B-430C-B51A-11151C1201E0}"
EndProject
Project("{FAE04EC0-301F-11D3-BF4B-00C04F79EFBC}") = "2_3_5_6", "Rozdział 3\2_3_5_6\2_3_5_6.csproj", "{C9AD866D-7117-4947-8DA6-8C0048FB1A62}"
EndProject
Global
	GlobalSection(SolutionConfigurationPlatforms) = preSolution
		Debug|Any CPU = Debug|Any CPU
		Release|Any CPU = Release|Any CPU
	EndGlobalSection
	GlobalSection(ProjectConfigurationPlatforms) = postSolution
		{876AC2FD-7787-4C32-8AC6-02DB7596A66F}.Debug|Any CPU.ActiveCfg = Debug|Any CPU
		{876AC2FD-7787-4C32-8AC6-02DB7596A66F}.Debug|Any CPU.Build.0 = Debug|Any CPU
		{876AC2FD-7787-4C32-8AC6-02DB7596A66F}.Release|Any CPU.ActiveCfg = Release|Any CPU
		{876AC2FD-7787-4C32-8AC6-02DB7596A66F}.Release|Any CPU.Build.0 = Release|Any CPU
		{4F1A3E61-3C9E-4C5C-9D8E-6881EA3EA70A}.Debug|Any CPU.ActiveCfg = Debug|Any CPU
		{4F1A3E61-3C9E-4C5C-9D8E-6881EA3EA70A}.Debug|Any CPU.Build.0 = Debug|Any CPU
		{4F1A3E61-3C9E-4C5C-9D8E-6881EA3EA70A}.Release|Any CPU.ActiveCfg = Release|Any CPU
		{4F1A3E61-3C9E-4C5C-9D8E-6881EA3EA70A}.Release|Any CPU.Build.0 = Release|Any CPU
		{3AB88C07-5589-47C3-93AD-D9D219298193}.Debug|Any CPU.ActiveCfg = Debug|Any CPU
		{3AB88C07-5589-47C3-93AD-D9D219298193}.Debug|Any CPU.Build.0 = Debug|Any CPU
		{3AB88C07-5589-47C3-93AD-D9D219298193}.Release|Any CPU.ActiveCfg = Release|Any CPU
		{3AB88C07-5589-47C3-93AD-D9D219298193}.Release|Any CPU.Build.0 = Release|Any CPU
		{80AFC42D-9D4B-430C-B51A-11151C1201E0}.Debug|Any CPU.ActiveCfg = Debug|Any CPU
		{80AFC42D-9D4B-430C-B51A-11151C1201E0}.Debug|Any CPU.Build.0 = Debug|Any CPU
		{80AFC42D-9D4B-430C-B51A-11151C1201E0}.Release|Any CPU.ActiveCfg = Release|Any CPU
		{80AFC42D-9D4B-430C-B51A-11151C1201E0}.Release|Any CPU.Build.0 = Release|Any CPU
		{C9AD866D-7117-4947-8DA6-8C0048FB1A62}.Debug|Any CPU.ActiveCfg = Debug|Any CPU
		{C9AD866D-7117-4947-8DA6-8C0048FB1A62}.Debug|Any CPU.Build.0 = Debug|Any CPU
		{C9AD866D-7117-4947-8DA6-8C0048FB1A62}.Release|Any CPU.ActiveCfg = Release|Any CPU
		{C9AD866D-7117-4947-8DA6-8C0048FB1A62}.Release|Any CPU.Build.0 = Release|Any CPU
	EndGlobalSection
	GlobalSection(SolutionProperties) = preSolution
		HideSolutionNode = FALSE
	EndGlobalSection
	GlobalSection(NestedProjects) = preSolution
		{876AC2FD-7787-4C32-8AC6-02DB7596A66F} = {84ED2625-29D9-4A7E-A0A4-A5AEE9A2A9D6}
		{4F1A3E61-3C9E-4C5C-9D8E-6881EA3EA70A} = {84ED2625-29D9-4A7E-A0A4-A5AEE9A2A9D6}
		{3AB88C07-5589-47C3-93AD-D9D219298193} = {84ED2625-29D9-4A7E-A0A4-A5AEE9A2A9D6}
		{80AFC42D-9D4B-430C-B51A-11151C1201E0} = {AB073289-F452-4032-A03F-9A7CB84DAC8D}
		{C9AD866D-7117-4947-8DA6-8C0048FB1A62} = {AB073289-F452-4032-A03F-9A7CB84DAC8D}
	EndGlobalSection
	GlobalSection(ExtensibilityGlobals) = postSolution
		SolutionGuid = {5A4C44B5-ADAA-4536-8F91-65EACCF6AE1A}
	EndGlobalSection
EndGlobal
