
Microsoft Visual Studio Solution File, Format Version 12.00
# Visual Studio Version 16
VisualStudioVersion = 16.0.29020.237
MinimumVisualStudioVersion = 10.0.40219.1
Project("{9A19103F-16F7-4668-BE54-9A1E7A4F7556}") = "1", "Rozdział 2\1\1.csproj", "{93E53BD0-250C-455F-9A9C-C69561AC4D44}"
EndProject
Project("{2150E333-8FDC-42A3-9474-1A3956D46DE8}") = "Rozdział 2", "Rozdział 2", "{84ED2625-29D9-4A7E-A0A4-A5AEE9A2A9D6}"
EndProject
Project("{9A19103F-16F7-4668-BE54-9A1E7A4F7556}") = "2", "Rozdział 2\2\2.csproj", "{F1692177-706F-4E80-A531-BA1911DDD325}"
EndProject
Project("{9A19103F-16F7-4668-BE54-9A1E7A4F7556}") = "3", "Rozdział 2\3\3.csproj", "{5B6FD074-BF79-45E5-B901-D41F3F020418}"
EndProject
Project("{9A19103F-16F7-4668-BE54-9A1E7A4F7556}") = "4", "Rozdział 2\4\4.csproj", "{F8B7B3A3-56BE-4FBA-A990-2857F3291D02}"
EndProject
Project("{9A19103F-16F7-4668-BE54-9A1E7A4F7556}") = "3a", "Rozdział 3\3.1\3a.csproj", "{EA7FD347-19F7-4BDA-B57A-CB55E8CA1618}"
EndProject
Project("{2150E333-8FDC-42A3-9474-1A3956D46DE8}") = "Rozdział 3", "Rozdział 3", "{AB073289-F452-4032-A03F-9A7CB84DAC8D}"
EndProject
Project("{FAE04EC0-301F-11D3-BF4B-00C04F79EFBC}") = "BinarySearch", "Rozdział 2\BinarySearch\BinarySearch.csproj", "{876AC2FD-7787-4C32-8AC6-02DB7596A66F}"
EndProject
Global
	GlobalSection(SolutionConfigurationPlatforms) = preSolution
		Debug|Any CPU = Debug|Any CPU
		Release|Any CPU = Release|Any CPU
	EndGlobalSection
	GlobalSection(ProjectConfigurationPlatforms) = postSolution
		{93E53BD0-250C-455F-9A9C-C69561AC4D44}.Debug|Any CPU.ActiveCfg = Debug|Any CPU
		{93E53BD0-250C-455F-9A9C-C69561AC4D44}.Debug|Any CPU.Build.0 = Debug|Any CPU
		{93E53BD0-250C-455F-9A9C-C69561AC4D44}.Release|Any CPU.ActiveCfg = Release|Any CPU
		{93E53BD0-250C-455F-9A9C-C69561AC4D44}.Release|Any CPU.Build.0 = Release|Any CPU
		{F1692177-706F-4E80-A531-BA1911DDD325}.Debug|Any CPU.ActiveCfg = Debug|Any CPU
		{F1692177-706F-4E80-A531-BA1911DDD325}.Debug|Any CPU.Build.0 = Debug|Any CPU
		{F1692177-706F-4E80-A531-BA1911DDD325}.Release|Any CPU.ActiveCfg = Release|Any CPU
		{F1692177-706F-4E80-A531-BA1911DDD325}.Release|Any CPU.Build.0 = Release|Any CPU
		{5B6FD074-BF79-45E5-B901-D41F3F020418}.Debug|Any CPU.ActiveCfg = Debug|Any CPU
		{5B6FD074-BF79-45E5-B901-D41F3F020418}.Debug|Any CPU.Build.0 = Debug|Any CPU
		{5B6FD074-BF79-45E5-B901-D41F3F020418}.Release|Any CPU.ActiveCfg = Release|Any CPU
		{5B6FD074-BF79-45E5-B901-D41F3F020418}.Release|Any CPU.Build.0 = Release|Any CPU
		{F8B7B3A3-56BE-4FBA-A990-2857F3291D02}.Debug|Any CPU.ActiveCfg = Debug|Any CPU
		{F8B7B3A3-56BE-4FBA-A990-2857F3291D02}.Debug|Any CPU.Build.0 = Debug|Any CPU
		{F8B7B3A3-56BE-4FBA-A990-2857F3291D02}.Release|Any CPU.ActiveCfg = Release|Any CPU
		{F8B7B3A3-56BE-4FBA-A990-2857F3291D02}.Release|Any CPU.Build.0 = Release|Any CPU
		{EA7FD347-19F7-4BDA-B57A-CB55E8CA1618}.Debug|Any CPU.ActiveCfg = Debug|Any CPU
		{EA7FD347-19F7-4BDA-B57A-CB55E8CA1618}.Debug|Any CPU.Build.0 = Debug|Any CPU
		{EA7FD347-19F7-4BDA-B57A-CB55E8CA1618}.Release|Any CPU.ActiveCfg = Release|Any CPU
		{EA7FD347-19F7-4BDA-B57A-CB55E8CA1618}.Release|Any CPU.Build.0 = Release|Any CPU
		{876AC2FD-7787-4C32-8AC6-02DB7596A66F}.Debug|Any CPU.ActiveCfg = Debug|Any CPU
		{876AC2FD-7787-4C32-8AC6-02DB7596A66F}.Debug|Any CPU.Build.0 = Debug|Any CPU
		{876AC2FD-7787-4C32-8AC6-02DB7596A66F}.Release|Any CPU.ActiveCfg = Release|Any CPU
		{876AC2FD-7787-4C32-8AC6-02DB7596A66F}.Release|Any CPU.Build.0 = Release|Any CPU
	EndGlobalSection
	GlobalSection(SolutionProperties) = preSolution
		HideSolutionNode = FALSE
	EndGlobalSection
	GlobalSection(NestedProjects) = preSolution
		{93E53BD0-250C-455F-9A9C-C69561AC4D44} = {84ED2625-29D9-4A7E-A0A4-A5AEE9A2A9D6}
		{F1692177-706F-4E80-A531-BA1911DDD325} = {84ED2625-29D9-4A7E-A0A4-A5AEE9A2A9D6}
		{5B6FD074-BF79-45E5-B901-D41F3F020418} = {84ED2625-29D9-4A7E-A0A4-A5AEE9A2A9D6}
		{F8B7B3A3-56BE-4FBA-A990-2857F3291D02} = {84ED2625-29D9-4A7E-A0A4-A5AEE9A2A9D6}
		{EA7FD347-19F7-4BDA-B57A-CB55E8CA1618} = {AB073289-F452-4032-A03F-9A7CB84DAC8D}
		{876AC2FD-7787-4C32-8AC6-02DB7596A66F} = {84ED2625-29D9-4A7E-A0A4-A5AEE9A2A9D6}
	EndGlobalSection
	GlobalSection(ExtensibilityGlobals) = postSolution
		SolutionGuid = {5A4C44B5-ADAA-4536-8F91-65EACCF6AE1A}
	EndGlobalSection
EndGlobal
